
Microsoft Visual Studio Solution File, Format Version 12.00
# Visual Studio 15
VisualStudioVersion = 15.0.28307.645
MinimumVisualStudioVersion = 10.0.40219.1
Project("{FAE04EC0-301F-11D3-BF4B-00C04F79EFBC}") = "dotNetWebFormsSso", "dotNetWebFormsSso\dotNetWebFormsSso.csproj", "{58F91FF7-1CF1-4138-9858-29212D0C1BBD}"
EndProject
Global
	GlobalSection(SolutionConfigurationPlatforms) = preSolution
		Debug|Any CPU = Debug|Any CPU
		Release|Any CPU = Release|Any CPU
	EndGlobalSection
	GlobalSection(ProjectConfigurationPlatforms) = postSolution
		{58F91FF7-1CF1-4138-9858-29212D0C1BBD}.Debug|Any CPU.ActiveCfg = Debug|Any CPU
		{58F91FF7-1CF1-4138-9858-29212D0C1BBD}.Debug|Any CPU.Build.0 = Debug|Any CPU
		{58F91FF7-1CF1-4138-9858-29212D0C1BBD}.Release|Any CPU.ActiveCfg = Release|Any CPU
		{58F91FF7-1CF1-4138-9858-29212D0C1BBD}.Release|Any CPU.Build.0 = Release|Any CPU
	EndGlobalSection
	GlobalSection(SolutionProperties) = preSolution
		HideSolutionNode = FALSE
	EndGlobalSection
	GlobalSection(ExtensibilityGlobals) = postSolution
		SolutionGuid = {B3AFF3D6-3E09-48D9-A341-C048B8260E9C}
	EndGlobalSection
EndGlobal
